
Microsoft Visual Studio Solution File, Format Version 12.00
# Visual Studio Version 17
VisualStudioVersion = 17.14.36202.13
MinimumVisualStudioVersion = 10.0.40219.1
Project("{B7DD6F7E-DEF8-4E67-B5B7-07EF123DB6F0}") = "Perforce IPLM Client", "IPLM_Client_installer_package\Perforce IPLM Client.wixproj", "{04E47B46-E945-4F1F-8C37-144AC4A29FAF}"
EndProject
Global
	GlobalSection(SolutionConfigurationPlatforms) = preSolution
		Debug|ARM64 = Debug|ARM64
		Debug|x64 = Debug|x64
		Debug|x86 = Debug|x86
		Release|ARM64 = Release|ARM64
		Release|x64 = Release|x64
		Release|x86 = Release|x86
	EndGlobalSection
	GlobalSection(ProjectConfigurationPlatforms) = postSolution
		{04E47B46-E945-4F1F-8C37-144AC4A29FAF}.Debug|ARM64.ActiveCfg = Debug|ARM64
		{04E47B46-E945-4F1F-8C37-144AC4A29FAF}.Debug|ARM64.Build.0 = Debug|ARM64
		{04E47B46-E945-4F1F-8C37-144AC4A29FAF}.Debug|x64.ActiveCfg = Debug|x64
		{04E47B46-E945-4F1F-8C37-144AC4A29FAF}.Debug|x64.Build.0 = Debug|x64
		{04E47B46-E945-4F1F-8C37-144AC4A29FAF}.Debug|x86.ActiveCfg = Debug|x86
		{04E47B46-E945-4F1F-8C37-144AC4A29FAF}.Debug|x86.Build.0 = Debug|x86
		{04E47B46-E945-4F1F-8C37-144AC4A29FAF}.Release|ARM64.ActiveCfg = Release|ARM64
		{04E47B46-E945-4F1F-8C37-144AC4A29FAF}.Release|ARM64.Build.0 = Release|ARM64
		{04E47B46-E945-4F1F-8C37-144AC4A29FAF}.Release|x64.ActiveCfg = Release|x64
		{04E47B46-E945-4F1F-8C37-144AC4A29FAF}.Release|x64.Build.0 = Release|x64
		{04E47B46-E945-4F1F-8C37-144AC4A29FAF}.Release|x86.ActiveCfg = Release|x86
		{04E47B46-E945-4F1F-8C37-144AC4A29FAF}.Release|x86.Build.0 = Release|x86
	EndGlobalSection
	GlobalSection(SolutionProperties) = preSolution
		HideSolutionNode = FALSE
	EndGlobalSection
	GlobalSection(ExtensibilityGlobals) = postSolution
		SolutionGuid = {8E5B1A11-E5CC-43E8-9864-3E24CA31853C}
	EndGlobalSection
EndGlobal
